<Solution>
  <Project Path="EmployeeManagement.API/EmployeeManagement.API.csproj" />
  <Project Path="EmployeeManagement.BusinessObject/EmployeeManagement.BusinessObject.csproj" />
  <Project Path="EmployeeManagement.Repository/EmployeeManagement.Repository.csproj" />
  <Project Path="EmployeeManagement.Service/EmployeeManagement.Service.csproj" />
</Solution>
